
Microsoft Visual Studio Solution File, Format Version 12.00
# Visual Studio Version 17
VisualStudioVersion = 17.13.35919.96 d17.13
MinimumVisualStudioVersion = 10.0.40219.1
Project("{FAE04EC0-301F-11D3-BF4B-00C04F79EFBC}") = "06 Interfaces", "06 Interfaces\06 Interfaces.csproj", "{69266120-018A-451E-B16F-0F02CD6FE380}"
EndProject
Global
	GlobalSection(SolutionConfigurationPlatforms) = preSolution
		Debug|Any CPU = Debug|Any CPU
		Release|Any CPU = Release|Any CPU
	EndGlobalSection
	GlobalSection(ProjectConfigurationPlatforms) = postSolution
		{69266120-018A-451E-B16F-0F02CD6FE380}.Debug|Any CPU.ActiveCfg = Debug|Any CPU
		{69266120-018A-451E-B16F-0F02CD6FE380}.Debug|Any CPU.Build.0 = Debug|Any CPU
		{69266120-018A-451E-B16F-0F02CD6FE380}.Release|Any CPU.ActiveCfg = Release|Any CPU
		{69266120-018A-451E-B16F-0F02CD6FE380}.Release|Any CPU.Build.0 = Release|Any CPU
	EndGlobalSection
	GlobalSection(SolutionProperties) = preSolution
		HideSolutionNode = FALSE
	EndGlobalSection
	GlobalSection(ExtensibilityGlobals) = postSolution
		SolutionGuid = {6EA9E651-7927-4CE7-9ABA-E18E24CC5203}
	EndGlobalSection
EndGlobal
