
Microsoft Visual Studio Solution File, Format Version 12.00
# Visual Studio Version 17
VisualStudioVersion = 17.11.35327.3
MinimumVisualStudioVersion = 10.0.40219.1
Project("{FAE04EC0-301F-11D3-BF4B-00C04F79EFBC}") = "Clases y objetos", "Clases y objetos.csproj", "{9DD37419-E7EF-405C-BC13-B88ED81F9DA1}"
EndProject
Global
	GlobalSection(SolutionConfigurationPlatforms) = preSolution
		Debug|Any CPU = Debug|Any CPU
		Release|Any CPU = Release|Any CPU
	EndGlobalSection
	GlobalSection(ProjectConfigurationPlatforms) = postSolution
		{9DD37419-E7EF-405C-BC13-B88ED81F9DA1}.Debug|Any CPU.ActiveCfg = Debug|Any CPU
		{9DD37419-E7EF-405C-BC13-B88ED81F9DA1}.Debug|Any CPU.Build.0 = Debug|Any CPU
		{9DD37419-E7EF-405C-BC13-B88ED81F9DA1}.Release|Any CPU.ActiveCfg = Release|Any CPU
		{9DD37419-E7EF-405C-BC13-B88ED81F9DA1}.Release|Any CPU.Build.0 = Release|Any CPU
	EndGlobalSection
	GlobalSection(SolutionProperties) = preSolution
		HideSolutionNode = FALSE
	EndGlobalSection
	GlobalSection(ExtensibilityGlobals) = postSolution
		SolutionGuid = {C8100D8C-FCA9-4E38-9EAE-3587EAD010D0}
	EndGlobalSection
EndGlobal
